{
  "name": "sitelo-example-blog",
  "lockfileVersion": 3,
  "requires": true,
  "packages": {
    "": {
      "name": "sitelo-example-blog",
      "dependencies": {
        "marked": "^16.0.0",
        "sitelo": "file:../.."
      }
    },
    "../..": {
      "version": "2.1.2",
      "license": "MIT",
      "dependencies": {
        "vite": "^8.1.4",
        "vite-plugin-html-pages": "^2.3.0"
      },
      "bin": {
        "sitelo": "bin/sitelo.js"
      },
      "devDependencies": {
        "@types/node": "^20.17.0",
        "javascript-to-html": "^1.1.4",
        "pagefind": "^1.5.2",
        "prismjs": "^1.30.0"
      },
      "engines": {
        "node": ">=18"
      }
    },
    "node_modules/marked": {
      "version": "16.4.2",
      "resolved": "https://registry.npmjs.org/marked/-/marked-16.4.2.tgz",
      "integrity": "sha512-TI3V8YYWvkVf3KJe1dRkpnjs68JUPyEa5vjKrp1XEEJUAOaQc+Qj+L1qWbPd0SJuAdQkFU0h73sXXqwDYxsiDA==",
      "license": "MIT",
      "bin": {
        "marked": "bin/marked.js"
      },
      "engines": {
        "node": ">= 20"
      }
    },
    "node_modules/sitelo": {
      "resolved": "../..",
      "link": true
    }
  }
}
