{
  "name": "sitelo-example-wordpress",
  "lockfileVersion": 3,
  "requires": true,
  "packages": {
    "": {
      "name": "sitelo-example-wordpress",
      "dependencies": {
        "sitelo": "file:../.."
      }
    },
    "../..": {
      "version": "2.2.2",
      "license": "MIT",
      "dependencies": {
        "pagefind": "^1.5.2",
        "sharp": "^0.35.3",
        "vite": "^8.2.2",
        "vite-plugin-html-pages": "^2.3.3"
      },
      "bin": {
        "sitelo": "bin/sitelo.js"
      },
      "devDependencies": {
        "@types/node": "^20.17.0",
        "javascript-to-html": "^1.1.4",
        "prismjs": "^1.30.0"
      },
      "engines": {
        "node": ">=18"
      }
    },
    "node_modules/sitelo": {
      "resolved": "../..",
      "link": true
    }
  }
}
