{
  "name": "sitelo-example-json",
  "lockfileVersion": 3,
  "requires": true,
  "packages": {
    "": {
      "name": "sitelo-example-json",
      "dependencies": {
        "sitelo": "file:../.."
      }
    },
    "../..": {
      "version": "2.6.2",
      "license": "MIT",
      "dependencies": {
        "vite": "^8.2.2",
        "vite-plugin-html-pages": "^2.3.4"
      },
      "bin": {
        "sitelo": "bin/sitelo.js"
      },
      "devDependencies": {
        "@types/node": "^20.17.0",
        "javascript-to-html": "^1.1.5",
        "lighthouse": "^13.4.1",
        "pagefind": "^1.5.2",
        "prismjs": "^1.30.0",
        "sharp": "^0.35.3"
      },
      "engines": {
        "node": "^20.19.0 || >=22.12.0"
      },
      "peerDependencies": {
        "lighthouse": "^12.0.0 || ^13.0.0",
        "pagefind": "^1.5.2",
        "sharp": "^0.35.3"
      },
      "peerDependenciesMeta": {
        "lighthouse": {
          "optional": true
        },
        "pagefind": {
          "optional": true
        },
        "sharp": {
          "optional": true
        }
      }
    },
    "node_modules/sitelo": {
      "resolved": "../..",
      "link": true
    }
  }
}
