{
  "name": "sitelo-example-basic",
  "lockfileVersion": 3,
  "requires": true,
  "packages": {
    "": {
      "name": "sitelo-example-basic",
      "dependencies": {
        "sitelo": "file:../.."
      }
    },
    "../..": {
      "version": "2.1.1",
      "license": "MIT",
      "dependencies": {
        "vite": "^8.1.4",
        "vite-plugin-html-pages": "^2.2.2"
      },
      "bin": {
        "sitelo": "bin/sitelo.js"
      },
      "devDependencies": {
        "@types/node": "^20.17.0",
        "javascript-to-html": "^1.1.4",
        "prismjs": "^1.30.0"
      },
      "engines": {
        "node": ">=18"
      }
    },
    "node_modules/sitelo": {
      "resolved": "../..",
      "link": true
    }
  }
}
